PODS:
  - IQKeyboardManagerSwift (6.5.0)
  - JGProgressHUD (2.0.4)
  - MGSwipeTableCell (1.6.9)

DEPENDENCIES:
  - IQKeyboardManagerSwift
  - JGProgressHUD
  - MGSwipeTableCell

SPEC REPOS:
  trunk:
    - IQKeyboardManagerSwift
    - JGProgressHUD
    - MGSwipeTableCell

SPEC CHECKSUMS:
  IQKeyboardManagerSwift: 6cd19976c6e871907c4ed9127c2d3affdd4defc2
  JGProgressHUD: 62658b14e72cccf179efc7a13bcb54d30b92fc22
  MGSwipeTableCell: 17349a8b56c81245bd77671251eb8aa9d486d46b

PODFILE CHECKSUM: 6875d6f8bd75facf34c0e3791ca6ef31bccbe453

COCOAPODS: 1.8.0
